
Microsoft Visual Studio Solution File, Format Version 12.00
# Visual Studio Version 16
VisualStudioVersion = 16.0.28621.142
MinimumVisualStudioVersion = 10.0.40219.1
Project("{2150E333-8FDC-42A3-9474-1A3956D46DE8}") = "src", "src", "{2C5B47F1-2760-4A72-B5CF-217E3E0596A1}"
EndProject
Project("{2150E333-8FDC-42A3-9474-1A3956D46DE8}") = "ClientCerdential", "ClientCerdential", "{EF32FEA4-8EF7-423E-9F8A-E066622D47D2}"
EndProject
Project("{9A19103F-16F7-4668-BE54-9A1E7A4F7556}") = "AuthServer", "AuthServer\AuthServer.csproj", "{9B1E0CE1-B8CF-48A1-B426-5DB95555C698}"
EndProject
Project("{9A19103F-16F7-4668-BE54-9A1E7A4F7556}") = "ApiClient", "ApiClient\ApiClient.csproj", "{F9FD1EED-92AB-49A3-BA8C-63CFC0C5C873}"
EndProject
Project("{2150E333-8FDC-42A3-9474-1A3956D46DE8}") = "Password", "Password", "{A7D0B469-B65F-43A0-BBC0-93C84302E08B}"
EndProject
Project("{9A19103F-16F7-4668-BE54-9A1E7A4F7556}") = "AuthServer.Password", "AuthServer.Password\AuthServer.Password.csproj", "{05D8E1A9-2F2E-4D58-97C2-88BB0DD5427D}"
EndProject
Project("{9A19103F-16F7-4668-BE54-9A1E7A4F7556}") = "ApiClient.Password", "ApiClient.Password\ApiClient.Password.csproj", "{89B5B653-AA20-40F7-A089-69FF6232CAC3}"
EndProject
Project("{2150E333-8FDC-42A3-9474-1A3956D46DE8}") = "OIDC", "OIDC", "{3FB99DEB-A3E1-421B-934B-CCAA8C587097}"
EndProject
Project("{9A19103F-16F7-4668-BE54-9A1E7A4F7556}") = "AuthServer.Oidc", "AuthServer.Oidc\AuthServer.Oidc.csproj", "{D142C35B-0F64-4D3B-A5EB-32E7C853861D}"
EndProject
Project("{9A19103F-16F7-4668-BE54-9A1E7A4F7556}") = "ApiClient.Oidc", "ApiClient.Oidc\ApiClient.Oidc.csproj", "{E2AE1C76-6C86-4265-A20E-489F536D0E3D}"
EndProject
Project("{9A19103F-16F7-4668-BE54-9A1E7A4F7556}") = "ConsoleSample.ClientCerdential", "Console.ClientCerdential\ConsoleSample.ClientCerdential.csproj", "{3AEE0579-10F4-4FB6-8346-AFABC2838952}"
EndProject
Project("{9A19103F-16F7-4668-BE54-9A1E7A4F7556}") = "ConsoleSample.Password", "ConsoleSample.Password\ConsoleSample.Password.csproj", "{6397291C-59AA-4C6E-8176-1C57473F5F42}"
EndProject
Project("{2150E333-8FDC-42A3-9474-1A3956D46DE8}") = "Authentications", "Authentications", "{5BEE63AB-390B-49A8-83FF-58B405026604}"
EndProject
Project("{FAE04EC0-301F-11D3-BF4B-00C04F79EFBC}") = "AuthCookie.Sample", "AuthCookie.Sample\AuthCookie.Sample.csproj", "{679971F7-F7D7-4A62-8B2E-9854DC0FB4EB}"
EndProject
Project("{FAE04EC0-301F-11D3-BF4B-00C04F79EFBC}") = "JwtBearer.Sample", "JwtBearer.Sample\JwtBearer.Sample.csproj", "{DBD14423-CCC0-48F6-9539-552CF8D5AED7}"
EndProject
Project("{FAE04EC0-301F-11D3-BF4B-00C04F79EFBC}") = "JwtBearer.Samples", "JwtBearer.Samples\JwtBearer.Samples.csproj", "{C4FD5CE1-1808-4DF4-93D8-C542CCCE5F60}"
EndProject
Global
	GlobalSection(SolutionConfigurationPlatforms) = preSolution
		Debug|Any CPU = Debug|Any CPU
		Release|Any CPU = Release|Any CPU
	EndGlobalSection
	GlobalSection(ProjectConfigurationPlatforms) = postSolution
		{9B1E0CE1-B8CF-48A1-B426-5DB95555C698}.Debug|Any CPU.ActiveCfg = Debug|Any CPU
		{9B1E0CE1-B8CF-48A1-B426-5DB95555C698}.Debug|Any CPU.Build.0 = Debug|Any CPU
		{9B1E0CE1-B8CF-48A1-B426-5DB95555C698}.Release|Any CPU.ActiveCfg = Release|Any CPU
		{9B1E0CE1-B8CF-48A1-B426-5DB95555C698}.Release|Any CPU.Build.0 = Release|Any CPU
		{F9FD1EED-92AB-49A3-BA8C-63CFC0C5C873}.Debug|Any CPU.ActiveCfg = Debug|Any CPU
		{F9FD1EED-92AB-49A3-BA8C-63CFC0C5C873}.Debug|Any CPU.Build.0 = Debug|Any CPU
		{F9FD1EED-92AB-49A3-BA8C-63CFC0C5C873}.Release|Any CPU.ActiveCfg = Release|Any CPU
		{F9FD1EED-92AB-49A3-BA8C-63CFC0C5C873}.Release|Any CPU.Build.0 = Release|Any CPU
		{05D8E1A9-2F2E-4D58-97C2-88BB0DD5427D}.Debug|Any CPU.ActiveCfg = Debug|Any CPU
		{05D8E1A9-2F2E-4D58-97C2-88BB0DD5427D}.Debug|Any CPU.Build.0 = Debug|Any CPU
		{05D8E1A9-2F2E-4D58-97C2-88BB0DD5427D}.Release|Any CPU.ActiveCfg = Release|Any CPU
		{05D8E1A9-2F2E-4D58-97C2-88BB0DD5427D}.Release|Any CPU.Build.0 = Release|Any CPU
		{89B5B653-AA20-40F7-A089-69FF6232CAC3}.Debug|Any CPU.ActiveCfg = Debug|Any CPU
		{89B5B653-AA20-40F7-A089-69FF6232CAC3}.Debug|Any CPU.Build.0 = Debug|Any CPU
		{89B5B653-AA20-40F7-A089-69FF6232CAC3}.Release|Any CPU.ActiveCfg = Release|Any CPU
		{89B5B653-AA20-40F7-A089-69FF6232CAC3}.Release|Any CPU.Build.0 = Release|Any CPU
		{D142C35B-0F64-4D3B-A5EB-32E7C853861D}.Debug|Any CPU.ActiveCfg = Debug|Any CPU
		{D142C35B-0F64-4D3B-A5EB-32E7C853861D}.Debug|Any CPU.Build.0 = Debug|Any CPU
		{D142C35B-0F64-4D3B-A5EB-32E7C853861D}.Release|Any CPU.ActiveCfg = Release|Any CPU
		{D142C35B-0F64-4D3B-A5EB-32E7C853861D}.Release|Any CPU.Build.0 = Release|Any CPU
		{E2AE1C76-6C86-4265-A20E-489F536D0E3D}.Debug|Any CPU.ActiveCfg = Debug|Any CPU
		{E2AE1C76-6C86-4265-A20E-489F536D0E3D}.Debug|Any CPU.Build.0 = Debug|Any CPU
		{E2AE1C76-6C86-4265-A20E-489F536D0E3D}.Release|Any CPU.ActiveCfg = Release|Any CPU
		{E2AE1C76-6C86-4265-A20E-489F536D0E3D}.Release|Any CPU.Build.0 = Release|Any CPU
		{3AEE0579-10F4-4FB6-8346-AFABC2838952}.Debug|Any CPU.ActiveCfg = Debug|Any CPU
		{3AEE0579-10F4-4FB6-8346-AFABC2838952}.Debug|Any CPU.Build.0 = Debug|Any CPU
		{3AEE0579-10F4-4FB6-8346-AFABC2838952}.Release|Any CPU.ActiveCfg = Release|Any CPU
		{3AEE0579-10F4-4FB6-8346-AFABC2838952}.Release|Any CPU.Build.0 = Release|Any CPU
		{6397291C-59AA-4C6E-8176-1C57473F5F42}.Debug|Any CPU.ActiveCfg = Debug|Any CPU
		{6397291C-59AA-4C6E-8176-1C57473F5F42}.Debug|Any CPU.Build.0 = Debug|Any CPU
		{6397291C-59AA-4C6E-8176-1C57473F5F42}.Release|Any CPU.ActiveCfg = Release|Any CPU
		{6397291C-59AA-4C6E-8176-1C57473F5F42}.Release|Any CPU.Build.0 = Release|Any CPU
		{679971F7-F7D7-4A62-8B2E-9854DC0FB4EB}.Debug|Any CPU.ActiveCfg = Debug|Any CPU
		{679971F7-F7D7-4A62-8B2E-9854DC0FB4EB}.Debug|Any CPU.Build.0 = Debug|Any CPU
		{679971F7-F7D7-4A62-8B2E-9854DC0FB4EB}.Release|Any CPU.ActiveCfg = Release|Any CPU
		{679971F7-F7D7-4A62-8B2E-9854DC0FB4EB}.Release|Any CPU.Build.0 = Release|Any CPU
		{DBD14423-CCC0-48F6-9539-552CF8D5AED7}.Debug|Any CPU.ActiveCfg = Debug|Any CPU
		{DBD14423-CCC0-48F6-9539-552CF8D5AED7}.Debug|Any CPU.Build.0 = Debug|Any CPU
		{DBD14423-CCC0-48F6-9539-552CF8D5AED7}.Release|Any CPU.ActiveCfg = Release|Any CPU
		{DBD14423-CCC0-48F6-9539-552CF8D5AED7}.Release|Any CPU.Build.0 = Release|Any CPU
		{C4FD5CE1-1808-4DF4-93D8-C542CCCE5F60}.Debug|Any CPU.ActiveCfg = Debug|Any CPU
		{C4FD5CE1-1808-4DF4-93D8-C542CCCE5F60}.Debug|Any CPU.Build.0 = Debug|Any CPU
		{C4FD5CE1-1808-4DF4-93D8-C542CCCE5F60}.Release|Any CPU.ActiveCfg = Release|Any CPU
		{C4FD5CE1-1808-4DF4-93D8-C542CCCE5F60}.Release|Any CPU.Build.0 = Release|Any CPU
	EndGlobalSection
	GlobalSection(SolutionProperties) = preSolution
		HideSolutionNode = FALSE
	EndGlobalSection
	GlobalSection(NestedProjects) = preSolution
		{EF32FEA4-8EF7-423E-9F8A-E066622D47D2} = {2C5B47F1-2760-4A72-B5CF-217E3E0596A1}
		{9B1E0CE1-B8CF-48A1-B426-5DB95555C698} = {EF32FEA4-8EF7-423E-9F8A-E066622D47D2}
		{F9FD1EED-92AB-49A3-BA8C-63CFC0C5C873} = {EF32FEA4-8EF7-423E-9F8A-E066622D47D2}
		{A7D0B469-B65F-43A0-BBC0-93C84302E08B} = {2C5B47F1-2760-4A72-B5CF-217E3E0596A1}
		{05D8E1A9-2F2E-4D58-97C2-88BB0DD5427D} = {A7D0B469-B65F-43A0-BBC0-93C84302E08B}
		{89B5B653-AA20-40F7-A089-69FF6232CAC3} = {A7D0B469-B65F-43A0-BBC0-93C84302E08B}
		{3FB99DEB-A3E1-421B-934B-CCAA8C587097} = {2C5B47F1-2760-4A72-B5CF-217E3E0596A1}
		{D142C35B-0F64-4D3B-A5EB-32E7C853861D} = {3FB99DEB-A3E1-421B-934B-CCAA8C587097}
		{E2AE1C76-6C86-4265-A20E-489F536D0E3D} = {3FB99DEB-A3E1-421B-934B-CCAA8C587097}
		{3AEE0579-10F4-4FB6-8346-AFABC2838952} = {EF32FEA4-8EF7-423E-9F8A-E066622D47D2}
		{6397291C-59AA-4C6E-8176-1C57473F5F42} = {A7D0B469-B65F-43A0-BBC0-93C84302E08B}
		{5BEE63AB-390B-49A8-83FF-58B405026604} = {2C5B47F1-2760-4A72-B5CF-217E3E0596A1}
		{679971F7-F7D7-4A62-8B2E-9854DC0FB4EB} = {5BEE63AB-390B-49A8-83FF-58B405026604}
		{DBD14423-CCC0-48F6-9539-552CF8D5AED7} = {5BEE63AB-390B-49A8-83FF-58B405026604}
		{C4FD5CE1-1808-4DF4-93D8-C542CCCE5F60} = {5BEE63AB-390B-49A8-83FF-58B405026604}
	EndGlobalSection
	GlobalSection(ExtensibilityGlobals) = postSolution
		SolutionGuid = {7F17B48F-9637-4A26-90D7-F71AF2C9D4F1}
	EndGlobalSection
EndGlobal
